
Microsoft Visual Studio Solution File, Format Version 12.00
# Visual Studio 15
VisualStudioVersion = 15.0.27428.2043
MinimumVisualStudioVersion = 10.0.40219.1
Project("{FAE04EC0-301F-11D3-BF4B-00C04F79EFBC}") = "Lab10", "Lab10\Lab10.csproj", "{534F0B02-B06E-403F-932F-9B1CEB3FFFBC}"
EndProject
Global
	GlobalSection(SolutionConfigurationPlatforms) = preSolution
		Debug|Any CPU = Debug|Any CPU
		Release|Any CPU = Release|Any CPU
	EndGlobalSection
	GlobalSection(ProjectConfigurationPlatforms) = postSolution
		{534F0B02-B06E-403F-932F-9B1CEB3FFFBC}.Debug|Any CPU.ActiveCfg = Debug|Any CPU
		{534F0B02-B06E-403F-932F-9B1CEB3FFFBC}.Debug|Any CPU.Build.0 = Debug|Any CPU
		{534F0B02-B06E-403F-932F-9B1CEB3FFFBC}.Release|Any CPU.ActiveCfg = Release|Any CPU
		{534F0B02-B06E-403F-932F-9B1CEB3FFFBC}.Release|Any CPU.Build.0 = Release|Any CPU
	EndGlobalSection
	GlobalSection(SolutionProperties) = preSolution
		HideSolutionNode = FALSE
	EndGlobalSection
	GlobalSection(ExtensibilityGlobals) = postSolution
		SolutionGuid = {2DD30B7B-C3CB-4779-ABC3-2DA5D96B6BAF}
	EndGlobalSection
EndGlobal
